{
  "requires": true,
  "lockfileVersion": 1,
  "dependencies": {
    "bootstrap": {
      "version": "5.3.3",
      "resolved": "https://registry.npmjs.org/bootstrap/-/bootstrap-5.3.3.tgz",
      "integrity": "sha512-8HLCdWgyoMguSO9o+aH+iuZ+aht+mzW0u3HIMzVu7Srrpv7EBBxTnrFlSCskwdY1+EOFQSm7uMJhNQHkdPcmjg=="
    },
    "typewriterjs": {
      "version": "1.0.0",
      "resolved": "https://registry.npmjs.org/typewriterjs/-/typewriterjs-1.0.0.tgz",
      "integrity": "sha512-loV2VSUXxwXqI3IDKfXU88wPaRY8H7edfXbxro3tW1SKEOyd19snJiqQKw1aXoDjirsll8RgOxfwwLzTXgsrlw=="
    }
  }
}
